
Microsoft Visual Studio Solution File, Format Version 12.00
# Visual Studio Version 17
VisualStudioVersion = 17.10.34928.147
MinimumVisualStudioVersion = 10.0.40219.1
Project("{FAE04EC0-301F-11D3-BF4B-00C04F79EFBC}") = "proyectoATM", "proyectoATM\proyectoATM.csproj", "{81AB3280-132A-469B-8644-8FF9A94BC74F}"
EndProject
Global
	GlobalSection(SolutionConfigurationPlatforms) = preSolution
		Debug|Any CPU = Debug|Any CPU
		Release|Any CPU = Release|Any CPU
	EndGlobalSection
	GlobalSection(ProjectConfigurationPlatforms) = postSolution
		{81AB3280-132A-469B-8644-8FF9A94BC74F}.Debug|Any CPU.ActiveCfg = Debug|Any CPU
		{81AB3280-132A-469B-8644-8FF9A94BC74F}.Debug|Any CPU.Build.0 = Debug|Any CPU
		{81AB3280-132A-469B-8644-8FF9A94BC74F}.Release|Any CPU.ActiveCfg = Release|Any CPU
		{81AB3280-132A-469B-8644-8FF9A94BC74F}.Release|Any CPU.Build.0 = Release|Any CPU
	EndGlobalSection
	GlobalSection(SolutionProperties) = preSolution
		HideSolutionNode = FALSE
	EndGlobalSection
	GlobalSection(ExtensibilityGlobals) = postSolution
		SolutionGuid = {0AC038FD-AB14-4FDC-9C44-B99A1E73D051}
	EndGlobalSection
EndGlobal
